version = 1
revision = 3
requires-python = ">=3.14"

[[package]]
name = "bilock-fg"
version = "0.1.0"
source = { virtual = "." }
dependencies = [
    { name = "mapbox-earcut" },
    { name = "shapely" },
    { name = "trimesh" },
]

[package.metadata]
requires-dist = [
    { name = "mapbox-earcut", specifier = ">=2.0.0" },
    { name = "shapely", specifier = ">=2.1.2" },
    { name = "trimesh", specifier = ">=4.12.2" },
]

[[package]]
name = "mapbox-earcut"
version = "2.0.0"
source = { registry = "https://pypi.org/simple" }
dependencies = [
    { name = "numpy" },
]
sdist = { url = "https://files.pythonhosted.org/packages/bc/7b/bbf6b00488662be5d2eb7a188222c264b6f713bac10dc4a77bf37a4cb4b6/mapbox_earcut-2.0.0.tar.gz", hash = "sha256:81eab6b86cf99551deb698b98e3f7502c57900e5c479df15e1bdaf1a57f0f9d6", size = 39934, upload-time = "2025-11-16T18:41:27.251Z" }
wheels = [
    { url = "https://files.pythonhosted.org/packages/96/fc/f1b74324c83f510213ff91eb8b1d2697ad5a12418c5fba966e80f1104a5f/mapbox_earcut-2.0.0-cp314-cp314-macosx_10_15_x86_64.whl", hash = "sha256:ad1dc141797037b7d4c9d8d2e52b9665b36294913a8ec31008b282d1a95b9bdc", size = 55728, upload-time = "2025-11-16T18:40:56.098Z" },
    { url = "https://files.pythonhosted.org/packages/7b/59/053c04e29c4bd22157d3b6255f1e5c19c46cb7a594c4314298bdcbca723f/mapbox_earcut-2.0.0-cp314-cp314-macosx_11_0_arm64.whl", hash = "sha256:0f0f5c6f5ed8ffdce8efe6a003ba598089d0ee07eabd41868db183be50484f9f", size = 52063, upload-time = "2025-11-16T18:40:57.227Z" },
    { url = "https://files.pythonhosted.org/packages/a6/77/acc2d553c3bb8c769535a280545bb7d9608141e90511a2e6215a54611776/mapbox_earcut-2.0.0-cp314-cp314-manylinux_2_24_aarch64.manylinux_2_28_aarch64.whl", hash = "sha256:82cd92775f37fd1e4b8464c5e74a00e87130eecc55ee3df2492b8ca2bdf6ef3e", size = 56522, upload-time = "2025-11-16T18:40:58.349Z" },
    { url = "https://files.pythonhosted.org/packages/1a/f5/627dd6defd3c1a2b3069e9e27482aa04d268c841735e576c1e22848a34f6/mapbox_earcut-2.0.0-cp314-cp314-manylinux_2_24_x86_64.manylinux_2_28_x86_64.whl", hash = "sha256:626ffc1310e0cc8910283e4ac3139e5fb0458f18f2c4874162f66159951933ff", size = 59204, upload-time = "2025-11-16T18:41:00.095Z" },
    { url = "https://files.pythonhosted.org/packages/4a/3e/819185542ab095ba1244ad65ececb3edcde6fd0111248a0f9318d695bfcf/mapbox_earcut-2.0.0-cp314-cp314-musllinux_1_2_aarch64.whl", hash = "sha256:ea951d764a356cad95b23fef950d8aa3b44b933795ad09d977fea7d4dbe377c3", size = 152550, upload-time = "2025-11-16T18:41:01.233Z" },
    { url = "https://files.pythonhosted.org/packages/a9/ad/85e0f815e4774b90ad6761bce55c80d13ee21b2a24014b0be0d5010b0049/mapbox_earcut-2.0.0-cp314-cp314-musllinux_1_2_x86_64.whl", hash = "sha256:df1f217624abb5e02ecabcbd84369de970b8d8bc1e4e7c164c1cfcaddad76ca3", size = 157322, upload-time = "2025-11-16T18:41:02.866Z" },
    { url = "https://files.pythonhosted.org/packages/27/4c/0f56369e7a000d2f3177d17baf34263559b206ae524fcd0c4c5d1d960dab/mapbox_earcut-2.0.0-cp314-cp314-win32.whl", hash = "sha256:6fa61307d38b50fc9bd5449c00dbae46d270a32b372c6fc3b8af4b85c85746e4", size = 52916, upload-time = "2025-11-16T18:41:04.122Z" },
    { url = "https://files.pythonhosted.org/packages/c2/9d/8c557dd9b3d9fe2344f5bd5ff3bb0b2a42ed6addb7e43ca4358051743b04/mapbox_earcut-2.0.0-cp314-cp314-win_amd64.whl", hash = "sha256:0da20ed3c81b240450118773bcedfac34e70a56998f66147222c46f4356fff67", size = 57713, upload-time = "2025-11-16T18:41:05.204Z" },
    { url = "https://files.pythonhosted.org/packages/3b/ec/678c5553938d3a29d02dd41dd898672267f054afc4e2821958dee6ec86ce/mapbox_earcut-2.0.0-cp314-cp314-win_arm64.whl", hash = "sha256:847e74bd5878e4c64793dc100f9288f5443f87c55c3fe391fd90509029136ff6", size = 51872, upload-time = "2025-11-16T18:41:06.323Z" },
    { url = "https://files.pythonhosted.org/packages/18/37/94f2d973669cbfef811e536713fe56ec012ba74e5f8795a832337b1866a3/mapbox_earcut-2.0.0-cp314-cp314t-macosx_10_15_x86_64.whl", hash = "sha256:ddc9e7175fc903185c64afbbf91febee56b50787dd0962fce2bfb4f20cf80d27", size = 56447, upload-time = "2025-11-16T18:41:07.443Z" },
    { url = "https://files.pythonhosted.org/packages/c9/1c/e0afcc82659cc1727a7e59c4f9e9880bbc3f048a4a5325772b44d4a91dfd/mapbox_earcut-2.0.0-cp314-cp314t-macosx_11_0_arm64.whl", hash = "sha256:6dc8a7568066af9a858018d6d92b7e77e164578f9fcd79093f1cbe4ec203461b", size = 53154, upload-time = "2025-11-16T18:41:08.618Z" },
    { url = "https://files.pythonhosted.org/packages/6c/2d/9845281c8c35da2bea733b8c2df5b9fe694e73e7b05fe8a1d4c3c439a1bc/mapbox_earcut-2.0.0-cp314-cp314t-manylinux_2_26_aarch64.manylinux_2_28_aarch64.whl", hash = "sha256:6abc5340edd9b433ab2dab2ee033082a199d5c51cce445124626c0040ec0d81b", size = 56285, upload-time = "2025-11-16T18:41:09.728Z" },
    { url = "https://files.pythonhosted.org/packages/97/8e/eeea762a519490662b8f480e2b35bf03701b0bcc5a446b62a4c5a1500b06/mapbox_earcut-2.0.0-cp314-cp314t-manylinux_2_27_x86_64.manylinux_2_28_x86_64.whl", hash = "sha256:df7afdd8078a9aa28f469d9242531d304e09a4b14e514f048e021a949f3777b4", size = 58601, upload-time = "2025-11-16T18:41:10.872Z" },
    { url = "https://files.pythonhosted.org/packages/b9/67/932f80aa6af9bc1a317b6119052c74f327d81e00b457003a049e324b810c/mapbox_earcut-2.0.0-cp314-cp314t-musllinux_1_2_aarch64.whl", hash = "sha256:1a286f73e612a46cafd6d6c843365265090517af16823e2f37277c13cd8b6f09", size = 154924, upload-time = "2025-11-16T18:41:12.104Z" },
    { url = "https://files.pythonhosted.org/packages/87/38/5db4a91f9f90cbb447be61da5468a2955fad3a840ae4c7dbde789b09d45a/mapbox_earcut-2.0.0-cp314-cp314t-musllinux_1_2_x86_64.whl", hash = "sha256:8d081fe1d00dc553e3e68c02fc395324aad0d8ed955f3ff59289264c9b21ace4", size = 159194, upload-time = "2025-11-16T18:41:13.364Z" },
    { url = "https://files.pythonhosted.org/packages/6b/03/de3843b13fe854a010fb2f8b25551d4d5fe1c879ff2e7c8d7d8d7d735a8e/mapbox_earcut-2.0.0-cp314-cp314t-win32.whl", hash = "sha256:13049ca96431bbc7ef7fd7780dd1872209ca11a5c1977f7aa91a1b574a8af863", size = 54143, upload-time = "2025-11-16T18:41:14.564Z" },
    { url = "https://files.pythonhosted.org/packages/9a/89/fbdee5a56ba51df9be6098b5428636ad75aa994e98d8bec6113d5cba401e/mapbox_earcut-2.0.0-cp314-cp314t-win_amd64.whl", hash = "sha256:6ace78e4fdba3b8cbb7768d44d77a981698305862a07f94bbb6f5cc16659adb4", size = 60833, upload-time = "2025-11-16T18:41:15.694Z" },
]

[[package]]
name = "numpy"
version = "2.5.0"
source = { registry = "https://pypi.org/simple" }
sdist = { url = "https://files.pythonhosted.org/packages/e7/05/3d27272d30698dc0ecb7fdfaa41ad70303b444f81722bb99bce1d818638a/numpy-2.5.0.tar.gz", hash = "sha256:5a129578019311b6e56bdd714250f19b518f7dceeeb8d1af5490f4942d3f891c", size = 20652461, upload-time = "2026-06-21T20:57:51.95Z" }
wheels = [
    { url = "https://files.pythonhosted.org/packages/86/ad/abc44aaceaf7b17ee1edde2bbb4458da591bc79574cffff50c4bb35f00d1/numpy-2.5.0-cp314-cp314-macosx_10_15_x86_64.whl", hash = "sha256:f27582c55ba4c750b7c58c8faf021d2cd9324a662b466229db8a417b41368af9", size = 16783807, upload-time = "2026-06-21T20:57:06.253Z" },
    { url = "https://files.pythonhosted.org/packages/5d/39/b72e168daf9c00fb20c9fc996d00437ccecdef3102387775d29d7a62576d/numpy-2.5.0-cp314-cp314-macosx_11_0_arm64.whl", hash = "sha256:28e7137057d551e4a83c4ae414e3451f50568409db7569aacc7f9811ee06a446", size = 11765215, upload-time = "2026-06-21T20:57:08.547Z" },
    { url = "https://files.pythonhosted.org/packages/f7/a0/8400a9c0e3625182347593f5e1f57da9a617a534794805c8df5518154ddc/numpy-2.5.0-cp314-cp314-macosx_14_0_arm64.whl", hash = "sha256:e1da54b53e75cd9fcfc23efcc7edab2c6aecf97b6037566d8a0fe804af8ec57c", size = 5324493, upload-time = "2026-06-21T20:57:11.012Z" },
    { url = "https://files.pythonhosted.org/packages/f6/8c/0d104deaa0401c93395a629ec902891618a2eff76d19229139cb5a887bfc/numpy-2.5.0-cp314-cp314-macosx_14_0_x86_64.whl", hash = "sha256:694d8f74e156f7fd01179f1aa8faa2f648ab6ae0f70b6c3fe57a03249aea2303", size = 6645211, upload-time = "2026-06-21T20:57:12.919Z" },
    { url = "https://files.pythonhosted.org/packages/6a/d9/4a4a628c812750363786afc3d33492709a5cd64b215469c16b0f6c7bb811/numpy-2.5.0-cp314-cp314-manylinux_2_27_aarch64.manylinux_2_28_aarch64.whl", hash = "sha256:1a7569a7b53c77716f036bb28cb1c91f166a26ec7d9502cd1e4bdfe502fdec22", size = 15166004, upload-time = "2026-06-21T20:57:14.717Z" },
    { url = "https://files.pythonhosted.org/packages/a0/5e/2a902317d7fc4aa93236e80c932662dadfc459b323d758329e01775125e1/numpy-2.5.0-cp314-cp314-manylinux_2_27_x86_64.manylinux_2_28_x86_64.whl", hash = "sha256:39a0433bd4086ebd462960cf375e19195bb07b53dc1d87dd5fcf47ad78576f03", size = 16650797, upload-time = "2026-06-21T20:57:16.906Z" },
    { url = "https://files.pythonhosted.org/packages/e9/a0/a0090e6329f4ca5992c07847bb579c5259a19953dc57255bb08793142ffb/numpy-2.5.0-cp314-cp314-musllinux_1_2_aarch64.whl", hash = "sha256:929f0c79ac38bcbd7154fe631dc907abfeddbcc5027a896bd1f7767323271e7a", size = 16524647, upload-time = "2026-06-21T20:57:19.165Z" },
    { url = "https://files.pythonhosted.org/packages/5e/7d/6caf27734c42b65837e7461ed0dbbd6b6fc835060c9714ec59d673bb383a/numpy-2.5.0-cp314-cp314-musllinux_1_2_x86_64.whl", hash = "sha256:cc4f247a47bbf070bfd70be53ccdcf47b800af563535e7bbe172322197c30e21", size = 18411841, upload-time = "2026-06-21T20:57:21.638Z" },
    { url = "https://files.pythonhosted.org/packages/13/dc/26edadbd812536769a82c2e9e002234e33feb5da43061d47a044f6d309b7/numpy-2.5.0-cp314-cp314-win32.whl", hash = "sha256:5dc71423499fab3f46f7a7201155ade1669ea101f2f429d332df9e72f8161731", size = 6106361, upload-time = "2026-06-21T20:57:23.844Z" },
    { url = "https://files.pythonhosted.org/packages/f2/9e/4dd1459282229a72d92dece2ae9138e5cac94a72263a7ceb48f37434c925/numpy-2.5.0-cp314-cp314-win_amd64.whl", hash = "sha256:ebb81d9d5443e0309d6c54894c3fbed74ad7da0714352a67b6d773cd189eae73", size = 12551749, upload-time = "2026-06-21T20:57:25.945Z" },
    { url = "https://files.pythonhosted.org/packages/05/a7/6bc6384c080b86c7f6c85c5bc5b540b24f4f679cd144791d99574e90d462/numpy-2.5.0-cp314-cp314-win_arm64.whl", hash = "sha256:3b94d0d0deceebfad3e67ae5c0e5eb87371e8f7a0581cd04a779928c2450cf1e", size = 10617072, upload-time = "2026-06-21T20:57:28.175Z" },
    { url = "https://files.pythonhosted.org/packages/86/6b/4a2b71d66ada5608ae02b63f150dfad520f6940721cb7f029ad270befc0e/numpy-2.5.0-cp314-cp314t-macosx_11_0_arm64.whl", hash = "sha256:22f3d43e362d650bc39db1f17851302874a148ca95ba6981c1dfb5fa6862f35b", size = 11881067, upload-time = "2026-06-21T20:57:30.104Z" },
    { url = "https://files.pythonhosted.org/packages/dc/b2/d365eb40a20efb49d67e9feb90494ed8511282ee1f5fa16006675c65397d/numpy-2.5.0-cp314-cp314t-macosx_14_0_arm64.whl", hash = "sha256:243563efb4cd7528a264567e9fd206c87826457322521d06206a00bfa316c927", size = 5440290, upload-time = "2026-06-21T20:57:32.193Z" },
    { url = "https://files.pythonhosted.org/packages/fa/5e/e9c03188de5f9b767e46a8fe988bcfd3efad066a4a3fda8b9cb11a93f895/numpy-2.5.0-cp314-cp314t-macosx_14_0_x86_64.whl", hash = "sha256:84881d825ca75249b189bbee875fcfe3238aa5c479e6100893cda566e8e86826", size = 6748371, upload-time = "2026-06-21T20:57:33.933Z" },
    { url = "https://files.pythonhosted.org/packages/fd/1d/68c186a38a5027bae2c4ddd5ea681fdaf8b4d30fb7301def6d8ad270390f/numpy-2.5.0-cp314-cp314t-manylinux_2_27_aarch64.manylinux_2_28_aarch64.whl", hash = "sha256:cda12aa4779d42b8771180aba759c96f527d43446d8f380ab59e2b35e8489efd", size = 15214643, upload-time = "2026-06-21T20:57:35.677Z" },
    { url = "https://files.pythonhosted.org/packages/8c/67/73f67b7c7e20635baae9c4c3ead4ae7326a005900297a6110971abd62eb5/numpy-2.5.0-cp314-cp314t-manylinux_2_27_x86_64.manylinux_2_28_x86_64.whl", hash = "sha256:1c0121101093d2bd74981b10f8837d78e794a8ff57834eb27179f49e1ba11ac6", size = 16690128, upload-time = "2026-06-21T20:57:38.159Z" },
    { url = "https://files.pythonhosted.org/packages/eb/05/d4c1fb0c46d02a27d6b2b8b319a78c90937acec8631c1641874670b31e6f/numpy-2.5.0-cp314-cp314t-musllinux_1_2_aarch64.whl", hash = "sha256:d371c92cfa09da00022f501ab67fafaea813d752eb30ac44336d45b1e5b0268a", size = 16577902, upload-time = "2026-06-21T20:57:40.447Z" },
    { url = "https://files.pythonhosted.org/packages/9e/1d/771c797d50fa26e4888989cccf1d50ee51f530d4e455ad2692dcb64fa711/numpy-2.5.0-cp314-cp314t-musllinux_1_2_x86_64.whl", hash = "sha256:9990713e9c38154c6861e7547f1e3fc7a87e75ff09bab24ef1cc81d81c2835e9", size = 18452814, upload-time = "2026-06-21T20:57:42.875Z" },
    { url = "https://files.pythonhosted.org/packages/e8/46/52fc0d2a68d7643f0f149eeea5a5d8ea2a3507056ac8afa83c9212606e8b/numpy-2.5.0-cp314-cp314t-win32.whl", hash = "sha256:edadfbd4794b1086c0d822f81863e8a68fc129d132fd0bb9e31e955d7fbbbdb7", size = 6253168, upload-time = "2026-06-21T20:57:45.101Z" },
    { url = "https://files.pythonhosted.org/packages/2a/be/6c8d1118b5f13b2881dc095d5b345de19c6638b8959c17409b6eff84c8aa/numpy-2.5.0-cp314-cp314t-win_amd64.whl", hash = "sha256:f7e5fa4382967ae6548bd2f174219afb908e294b0d5f625af01166edd5f7d9aa", size = 12736286, upload-time = "2026-06-21T20:57:46.935Z" },
    { url = "https://files.pythonhosted.org/packages/fd/6a/d3a169aaf8536cf228d56a09e04bcb713a2fe4410d4e2105b9419b5a9c89/numpy-2.5.0-cp314-cp314t-win_arm64.whl", hash = "sha256:016623417bb330d719d579daf2d6b9a01ddc52e41a9ed61a47f39fde46dcd865", size = 10686451, upload-time = "2026-06-21T20:57:49.313Z" },
]

[[package]]
name = "shapely"
version = "2.1.2"
source = { registry = "https://pypi.org/simple" }
dependencies = [
    { name = "numpy" },
]
sdist = { url = "https://files.pythonhosted.org/packages/4d/bc/0989043118a27cccb4e906a46b7565ce36ca7b57f5a18b78f4f1b0f72d9d/shapely-2.1.2.tar.gz", hash = "sha256:2ed4ecb28320a433db18a5bf029986aa8afcfd740745e78847e330d5d94922a9", size = 315489, upload-time = "2025-09-24T13:51:41.432Z" }
wheels = [
    { url = "https://files.pythonhosted.org/packages/fc/c4/3ce4c2d9b6aabd27d26ec988f08cb877ba9e6e96086eff81bfea93e688c7/shapely-2.1.2-cp314-cp314-macosx_10_13_x86_64.whl", hash = "sha256:9a522f460d28e2bf4e12396240a5fc1518788b2fcd73535166d748399ef0c223", size = 1831290, upload-time = "2025-09-24T13:51:13.56Z" },
    { url = "https://files.pythonhosted.org/packages/17/b9/f6ab8918fc15429f79cb04afa9f9913546212d7fb5e5196132a2af46676b/shapely-2.1.2-cp314-cp314-macosx_11_0_arm64.whl", hash = "sha256:1ff629e00818033b8d71139565527ced7d776c269a49bd78c9df84e8f852190c", size = 1641463, upload-time = "2025-09-24T13:51:14.972Z" },
    { url = "https://files.pythonhosted.org/packages/a5/57/91d59ae525ca641e7ac5551c04c9503aee6f29b92b392f31790fcb1a4358/shapely-2.1.2-cp314-cp314-manylinux2014_aarch64.manylinux_2_17_aarch64.whl", hash = "sha256:f67b34271dedc3c653eba4e3d7111aa421d5be9b4c4c7d38d30907f796cb30df", size = 2970145, upload-time = "2025-09-24T13:51:16.961Z" },
    { url = "https://files.pythonhosted.org/packages/8a/cb/4948be52ee1da6927831ab59e10d4c29baa2a714f599f1f0d1bc747f5777/shapely-2.1.2-cp314-cp314-manylinux2014_x86_64.manylinux_2_17_x86_64.whl", hash = "sha256:21952dc00df38a2c28375659b07a3979d22641aeb104751e769c3ee825aadecf", size = 3073806, upload-time = "2025-09-24T13:51:18.712Z" },
    { url = "https://files.pythonhosted.org/packages/03/83/f768a54af775eb41ef2e7bec8a0a0dbe7d2431c3e78c0a8bdba7ab17e446/shapely-2.1.2-cp314-cp314-musllinux_1_2_aarch64.whl", hash = "sha256:1f2f33f486777456586948e333a56ae21f35ae273be99255a191f5c1fa302eb4", size = 3980803, upload-time = "2025-09-24T13:51:20.37Z" },
    { url = "https://files.pythonhosted.org/packages/9f/cb/559c7c195807c91c79d38a1f6901384a2878a76fbdf3f1048893a9b7534d/shapely-2.1.2-cp314-cp314-musllinux_1_2_x86_64.whl", hash = "sha256:cf831a13e0d5a7eb519e96f58ec26e049b1fad411fc6fc23b162a7ce04d9cffc", size = 4133301, upload-time = "2025-09-24T13:51:21.887Z" },
    { url = "https://files.pythonhosted.org/packages/80/cd/60d5ae203241c53ef3abd2ef27c6800e21afd6c94e39db5315ea0cbafb4a/shapely-2.1.2-cp314-cp314-win32.whl", hash = "sha256:61edcd8d0d17dd99075d320a1dd39c0cb9616f7572f10ef91b4b5b00c4aeb566", size = 1583247, upload-time = "2025-09-24T13:51:23.401Z" },
    { url = "https://files.pythonhosted.org/packages/74/d4/135684f342e909330e50d31d441ace06bf83c7dc0777e11043f99167b123/shapely-2.1.2-cp314-cp314-win_amd64.whl", hash = "sha256:a444e7afccdb0999e203b976adb37ea633725333e5b119ad40b1ca291ecf311c", size = 1773019, upload-time = "2025-09-24T13:51:24.873Z" },
    { url = "https://files.pythonhosted.org/packages/a3/05/a44f3f9f695fa3ada22786dc9da33c933da1cbc4bfe876fe3a100bafe263/shapely-2.1.2-cp314-cp314t-macosx_10_13_x86_64.whl", hash = "sha256:5ebe3f84c6112ad3d4632b1fd2290665aa75d4cef5f6c5d77c4c95b324527c6a", size = 1834137, upload-time = "2025-09-24T13:51:26.665Z" },
    { url = "https://files.pythonhosted.org/packages/52/7e/4d57db45bf314573427b0a70dfca15d912d108e6023f623947fa69f39b72/shapely-2.1.2-cp314-cp314t-macosx_11_0_arm64.whl", hash = "sha256:5860eb9f00a1d49ebb14e881f5caf6c2cf472c7fd38bd7f253bbd34f934eb076", size = 1642884, upload-time = "2025-09-24T13:51:28.029Z" },
    { url = "https://files.pythonhosted.org/packages/5a/27/4e29c0a55d6d14ad7422bf86995d7ff3f54af0eba59617eb95caf84b9680/shapely-2.1.2-cp314-cp314t-manylinux2014_aarch64.manylinux_2_17_aarch64.whl", hash = "sha256:b705c99c76695702656327b819c9660768ec33f5ce01fa32b2af62b56ba400a1", size = 3018320, upload-time = "2025-09-24T13:51:29.903Z" },
    { url = "https://files.pythonhosted.org/packages/9f/bb/992e6a3c463f4d29d4cd6ab8963b75b1b1040199edbd72beada4af46bde5/shapely-2.1.2-cp314-cp314t-manylinux2014_x86_64.manylinux_2_17_x86_64.whl", hash = "sha256:a1fd0ea855b2cf7c9cddaf25543e914dd75af9de08785f20ca3085f2c9ca60b0", size = 3094931, upload-time = "2025-09-24T13:51:32.699Z" },
    { url = "https://files.pythonhosted.org/packages/9c/16/82e65e21070e473f0ed6451224ed9fa0be85033d17e0c6e7213a12f59d12/shapely-2.1.2-cp314-cp314t-musllinux_1_2_aarch64.whl", hash = "sha256:df90e2db118c3671a0754f38e36802db75fe0920d211a27481daf50a711fdf26", size = 4030406, upload-time = "2025-09-24T13:51:34.189Z" },
    { url = "https://files.pythonhosted.org/packages/7c/75/c24ed871c576d7e2b64b04b1fe3d075157f6eb54e59670d3f5ffb36e25c7/shapely-2.1.2-cp314-cp314t-musllinux_1_2_x86_64.whl", hash = "sha256:361b6d45030b4ac64ddd0a26046906c8202eb60d0f9f53085f5179f1d23021a0", size = 4169511, upload-time = "2025-09-24T13:51:36.297Z" },
    { url = "https://files.pythonhosted.org/packages/b1/f7/b3d1d6d18ebf55236eec1c681ce5e665742aab3c0b7b232720a7d43df7b6/shapely-2.1.2-cp314-cp314t-win32.whl", hash = "sha256:b54df60f1fbdecc8ebc2c5b11870461a6417b3d617f555e5033f1505d36e5735", size = 1602607, upload-time = "2025-09-24T13:51:37.757Z" },
    { url = "https://files.pythonhosted.org/packages/9a/f6/f09272a71976dfc138129b8faf435d064a811ae2f708cb147dccdf7aacdb/shapely-2.1.2-cp314-cp314t-win_amd64.whl", hash = "sha256:0036ac886e0923417932c2e6369b6c52e38e0ff5d9120b90eef5cd9a5fc5cae9", size = 1796682, upload-time = "2025-09-24T13:51:39.233Z" },
]

[[package]]
name = "trimesh"
version = "4.12.2"
source = { registry = "https://pypi.org/simple" }
dependencies = [
    { name = "numpy" },
]
sdist = { url = "https://files.pythonhosted.org/packages/79/37/5cb90f04990260d2caceb6093560c6cefafca1ec522c1e43be01ca658244/trimesh-4.12.2.tar.gz", hash = "sha256:c8ca31571ac00b112e4e160e66a2d4c3491df321f056bd33806be0485d1af9d9", size = 842220, upload-time = "2026-05-01T00:57:43.333Z" }
wheels = [
    { url = "https://files.pythonhosted.org/packages/05/98/716a473cfb24750858ddd5d14e6527539dd206583a46408d08eeb2844a75/trimesh-4.12.2-py3-none-any.whl", hash = "sha256:b5b5afa63c5272345f2858f7676bc8c217dc8a89f4fadf6193fe10a81b5ff2aa", size = 741043, upload-time = "2026-05-01T00:57:40.763Z" },
]
